// !$*UTF8*$!
{
	archiveVersion = 1;
	classes = {
	};
	objectVersion = 51;
	objects = {

/* Begin PBXBuildFile section */
		325BC21C5AC8D578C2AB2856 /* Pods_Mr_MinJeaClass.framework in Frameworks */ = {isa = PBXBuildFile; fileRef = 2451E64586A19C2DD69E1007 /* Pods_Mr_MinJeaClass.framework */; };
		58E0B45625A31A530018D2B3 /* AppDelegate.swift in Sources */ = {isa = PBXBuildFile; fileRef = 58E0B45525A31A530018D2B3 /* AppDelegate.swift */; };
		58E0B45825A31A530018D2B3 /* SceneDelegate.swift in Sources */ = {isa = PBXBuildFile; fileRef = 58E0B45725A31A530018D2B3 /* SceneDelegate.swift */; };
		58E0B45A25A31A530018D2B3 /* MyViewController.swift in Sources */ = {isa = PBXBuildFile; fileRef = 58E0B45925A31A530018D2B3 /* MyViewController.swift */; };
		58E0B45D25A31A530018D2B3 /* Main.storyboard in Resources */ = {isa = PBXBuildFile; fileRef = 58E0B45B25A31A530018D2B3 /* Main.storyboard */; };
		58E0B45F25A31A530018D2B3 /* Assets.xcassets in Resources */ = {isa = PBXBuildFile; fileRef = 58E0B45E25A31A530018D2B3 /* Assets.xcassets */; };
		58E0B46225A31A530018D2B3 /* LaunchScreen.storyboard in Resources */ = {isa = PBXBuildFile; fileRef = 58E0B46025A31A530018D2B3 /* LaunchScreen.storyboard */; };
		58E0B47225A3E89E0018D2B3 /* MyCell.swift in Sources */ = {isa = PBXBuildFile; fileRef = 58E0B47125A3E89E0018D2B3 /* MyCell.swift */; };
		58E0B47925A3F1420018D2B3 /* UIVIew+.swift in Sources */ = {isa = PBXBuildFile; fileRef = 58E0B47825A3F1420018D2B3 /* UIVIew+.swift */; };
		58E0B47E25A3FE0E0018D2B3 /* test.json in Resources */ = {isa = PBXBuildFile; fileRef = 58E0B47C25A3F3950018D2B3 /* test.json */; };
/* End PBXBuildFile section */

/* Begin PBXFileReference section */
		2451E64586A19C2DD69E1007 /* Pods_Mr_MinJeaClass.framework */ = {isa = PBXFileReference; explicitFileType = wrapper.framework; includeInIndex = 0; path = Pods_Mr_MinJeaClass.framework; sourceTree = BUILT_PRODUCTS_DIR; };
		58E0B45225A31A530018D2B3 /* Mr.MinJeaClass.app */ = {isa = PBXFileReference; explicitFileType = wrapper.application; includeInIndex = 0; path = Mr.MinJeaClass.app; sourceTree = BUILT_PRODUCTS_DIR; };
		58E0B45525A31A530018D2B3 /* AppDelegate.swift */ = {isa = PBXFileReference; lastKnownFileType = sourcecode.swift; path = AppDelegate.swift; sourceTree = "<group>"; };
		58E0B45725A31A530018D2B3 /* SceneDelegate.swift */ = {isa = PBXFileReference; lastKnownFileType = sourcecode.swift; path = SceneDelegate.swift; sourceTree = "<group>"; };
		58E0B45925A31A530018D2B3 /* MyViewController.swift */ = {isa = PBXFileReference; lastKnownFileType = sourcecode.swift; path = MyViewController.swift; sourceTree = "<group>"; };
		58E0B45C25A31A530018D2B3 /* Base */ = {isa = PBXFileReference; lastKnownFileType = file.storyboard; name = Base; path = Base.lproj/Main.storyboard; sourceTree = "<group>"; };
		58E0B45E25A31A530018D2B3 /* Assets.xcassets */ = {isa = PBXFileReference; lastKnownFileType = folder.assetcatalog; path = Assets.xcassets; sourceTree = "<group>"; };
		58E0B46125A31A530018D2B3 /* Base */ = {isa = PBXFileReference; lastKnownFileType = file.storyboard; name = Base; path = Base.lproj/LaunchScreen.storyboard; sourceTree = "<group>"; };
		58E0B46325A31A530018D2B3 /* Info.plist */ = {isa = PBXFileReference; lastKnownFileType = text.plist.xml; path = Info.plist; sourceTree = "<group>"; };
		58E0B47125A3E89E0018D2B3 /* MyCell.swift */ = {isa = PBXFileReference; lastKnownFileType = sourcecode.swift; path = MyCell.swift; sourceTree = "<group>"; };
		58E0B47825A3F1420018D2B3 /* UIVIew+.swift */ = {isa = PBXFileReference; lastKnownFileType = sourcecode.swift; path = "UIVIew+.swift"; sourceTree = "<group>"; };
		58E0B47C25A3F3950018D2B3 /* test.json */ = {isa = PBXFileReference; lastKnownFileType = text.json; path = test.json; sourceTree = "<group>"; };
		D29B6A1499C1DB413901FE73 /* Pods-Mr.MinJeaClass.release.xcconfig */ = {isa = PBXFileReference; includeInIndex = 1; lastKnownFileType = text.xcconfig; name = "Pods-Mr.MinJeaClass.release.xcconfig"; path = "Target Support Files/Pods-Mr.MinJeaClass/Pods-Mr.MinJeaClass.release.xcconfig"; sourceTree = "<group>"; };
		FCC65AC79082C4FA89E633BA /* Pods-Mr.MinJeaClass.debug.xcconfig */ = {isa = PBXFileReference; includeInIndex = 1; lastKnownFileType = text.xcconfig; name = "Pods-Mr.MinJeaClass.debug.xcconfig"; path = "Target Support Files/Pods-Mr.MinJeaClass/Pods-Mr.MinJeaClass.debug.xcconfig"; sourceTree = "<group>"; };
/* End PBXFileReference section */

/* Begin PBXFrameworksBuildPhase section */
		58E0B44F25A31A530018D2B3 /* Frameworks */ = {
			isa = PBXFrameworksBuildPhase;
			buildActionMask = 2147483647;
			files = (
				325BC21C5AC8D578C2AB2856 /* Pods_Mr_MinJeaClass.framework in Frameworks */,
			);
			runOnlyForDeploymentPostprocessing = 0;
		};
/* End PBXFrameworksBuildPhase section */

/* Begin PBXGroup section */
		2DCCF0BF10FBE9963C29B529 /* Pods */ = {
			isa = PBXGroup;
			children = (
				FCC65AC79082C4FA89E633BA /* Pods-Mr.MinJeaClass.debug.xcconfig */,
				D29B6A1499C1DB413901FE73 /* Pods-Mr.MinJeaClass.release.xcconfig */,
			);
			path = Pods;
			sourceTree = "<group>";
		};
		58E0B44925A31A530018D2B3 = {
			isa = PBXGroup;
			children = (
				58E0B45425A31A530018D2B3 /* Mr.MinJeaClass */,
				58E0B45325A31A530018D2B3 /* Products */,
				2DCCF0BF10FBE9963C29B529 /* Pods */,
				802C84B03885C77A33518965 /* Frameworks */,
			);
			sourceTree = "<group>";
		};
		58E0B45325A31A530018D2B3 /* Products */ = {
			isa = PBXGroup;
			children = (
				58E0B45225A31A530018D2B3 /* Mr.MinJeaClass.app */,
			);
			name = Products;
			sourceTree = "<group>";
		};
		58E0B45425A31A530018D2B3 /* Mr.MinJeaClass */ = {
			isa = PBXGroup;
			children = (
				58E0B47B25A3F3850018D2B3 /* Data */,
				58E0B47725A3F1200018D2B3 /* Extension */,
				58E0B46F25A3E8390018D2B3 /* MyVC */,
				58E0B47025A3E84E0018D2B3 /* SupportingFiles */,
			);
			path = Mr.MinJeaClass;
			sourceTree = "<group>";
		};
		58E0B46F25A3E8390018D2B3 /* MyVC */ = {
			isa = PBXGroup;
			children = (
				58E0B45925A31A530018D2B3 /* MyViewController.swift */,
				58E0B47125A3E89E0018D2B3 /* MyCell.swift */,
			);
			path = MyVC;
			sourceTree = "<group>";
		};
		58E0B47025A3E84E0018D2B3 /* SupportingFiles */ = {
			isa = PBXGroup;
			children = (
				58E0B45525A31A530018D2B3 /* AppDelegate.swift */,
				58E0B45725A31A530018D2B3 /* SceneDelegate.swift */,
				58E0B45B25A31A530018D2B3 /* Main.storyboard */,
				58E0B45E25A31A530018D2B3 /* Assets.xcassets */,
				58E0B46025A31A530018D2B3 /* LaunchScreen.storyboard */,
				58E0B46325A31A530018D2B3 /* Info.plist */,
			);
			path = SupportingFiles;
			sourceTree = "<group>";
		};
		58E0B47725A3F1200018D2B3 /* Extension */ = {
			isa = PBXGroup;
			children = (
				58E0B47825A3F1420018D2B3 /* UIVIew+.swift */,
			);
			path = Extension;
			sourceTree = "<group>";
		};
		58E0B47B25A3F3850018D2B3 /* Data */ = {
			isa = PBXGroup;
			children = (
				58E0B47C25A3F3950018D2B3 /* test.json */,
			);
			path = Data;
			sourceTree = "<group>";
		};
		802C84B03885C77A33518965 /* Frameworks */ = {
			isa = PBXGroup;
			children = (
				2451E64586A19C2DD69E1007 /* Pods_Mr_MinJeaClass.framework */,
			);
			name = Frameworks;
			sourceTree = "<group>";
		};
/* End PBXGroup section */

/* Begin PBXNativeTarget section */
		58E0B45125A31A530018D2B3 /* Mr.MinJeaClass */ = {
			isa = PBXNativeTarget;
			buildConfigurationList = 58E0B46625A31A530018D2B3 /* Build configuration list for PBXNativeTarget "Mr.MinJeaClass" */;
			buildPhases = (
				C4837265EBF3F183BFFE481F /* [CP] Check Pods Manifest.lock */,
				58E0B44E25A31A530018D2B3 /* Sources */,
				58E0B44F25A31A530018D2B3 /* Frameworks */,
				58E0B45025A31A530018D2B3 /* Resources */,
				5A1BB63BD8A12163A33C479D /* [CP] Embed Pods Frameworks */,
			);
			buildRules = (
			);
			dependencies = (
			);
			name = Mr.MinJeaClass;
			productName = Mr.MinJeaClass;
			productReference = 58E0B45225A31A530018D2B3 /* Mr.MinJeaClass.app */;
			productType = "com.apple.product-type.application";
		};
/* End PBXNativeTarget section */

/* Begin PBXProject section */
		58E0B44A25A31A530018D2B3 /* Project object */ = {
			isa = PBXProject;
			attributes = {
				LastSwiftUpdateCheck = 1230;
				LastUpgradeCheck = 1230;
				TargetAttributes = {
					58E0B45125A31A530018D2B3 = {
						CreatedOnToolsVersion = 12.3;
					};
				};
			};
			buildConfigurationList = 58E0B44D25A31A530018D2B3 /* Build configuration list for PBXProject "Mr.MinJeaClass" */;
			compatibilityVersion = "Xcode 9.3";
			developmentRegion = en;
			hasScannedForEncodings = 0;
			knownRegions = (
				en,
				Base,
			);
			mainGroup = 58E0B44925A31A530018D2B3;
			productRefGroup = 58E0B45325A31A530018D2B3 /* Products */;
			projectDirPath = "";
			projectRoot = "";
			targets = (
				58E0B45125A31A530018D2B3 /* Mr.MinJeaClass */,
			);
		};
/* End PBXProject section */

/* Begin PBXResourcesBuildPhase section */
		58E0B45025A31A530018D2B3 /* Resources */ = {
			isa = PBXResourcesBuildPhase;
			buildActionMask = 2147483647;
			files = (
				58E0B47E25A3FE0E0018D2B3 /* test.json in Resources */,
				58E0B46225A31A530018D2B3 /* LaunchScreen.storyboard in Resources */,
				58E0B45F25A31A530018D2B3 /* Assets.xcassets in Resources */,
				58E0B45D25A31A530018D2B3 /* Main.storyboard in Resources */,
			);
			runOnlyForDeploymentPostprocessing = 0;
		};
/* End PBXResourcesBuildPhase section */

/* Begin PBXShellScriptBuildPhase section */
		5A1BB63BD8A12163A33C479D /* [CP] Embed Pods Frameworks */ = {
			isa = PBXShellScriptBuildPhase;
			buildActionMask = 2147483647;
			files = (
			);
			inputFileListPaths = (
				"${PODS_ROOT}/Target Support Files/Pods-Mr.MinJeaClass/Pods-Mr.MinJeaClass-frameworks-${CONFIGURATION}-input-files.xcfilelist",
			);
			name = "[CP] Embed Pods Frameworks";
			outputFileListPaths = (
				"${PODS_ROOT}/Target Support Files/Pods-Mr.MinJeaClass/Pods-Mr.MinJeaClass-frameworks-${CONFIGURATION}-output-files.xcfilelist",
			);
			runOnlyForDeploymentPostprocessing = 0;
			shellPath = /bin/sh;
			shellScript = "\"${PODS_ROOT}/Target Support Files/Pods-Mr.MinJeaClass/Pods-Mr.MinJeaClass-frameworks.sh\"\n";
			showEnvVarsInLog = 0;
		};
		C4837265EBF3F183BFFE481F /* [CP] Check Pods Manifest.lock */ = {
			isa = PBXShellScriptBuildPhase;
			buildActionMask = 2147483647;
			files = (
			);
			inputFileListPaths = (
			);
			inputPaths = (
				"${PODS_PODFILE_DIR_PATH}/Podfile.lock",
				"${PODS_ROOT}/Manifest.lock",
			);
			name = "[CP] Check Pods Manifest.lock";
			outputFileListPaths = (
			);
			outputPaths = (
				"$(DERIVED_FILE_DIR)/Pods-Mr.MinJeaClass-checkManifestLockResult.txt",
			);
			runOnlyForDeploymentPostprocessing = 0;
			shellPath = /bin/sh;
			shellScript = "diff \"${PODS_PODFILE_DIR_PATH}/Podfile.lock\" \"${PODS_ROOT}/Manifest.lock\" > /dev/null\nif [ $? != 0 ] ; then\n    # print error to STDERR\n    echo \"error: The sandbox is not in sync with the Podfile.lock. Run 'pod install' or update your CocoaPods installation.\" >&2\n    exit 1\nfi\n# This output is used by Xcode 'outputs' to avoid re-running this script phase.\necho \"SUCCESS\" > \"${SCRIPT_OUTPUT_FILE_0}\"\n";
			showEnvVarsInLog = 0;
		};
/* End PBXShellScriptBuildPhase section */

/* Begin PBXSourcesBuildPhase section */
		58E0B44E25A31A530018D2B3 /* Sources */ = {
			isa = PBXSourcesBuildPhase;
			buildActionMask = 2147483647;
			files = (
				58E0B45A25A31A530018D2B3 /* MyViewController.swift in Sources */,
				58E0B47225A3E89E0018D2B3 /* MyCell.swift in Sources */,
				58E0B47925A3F1420018D2B3 /* UIVIew+.swift in Sources */,
				58E0B45625A31A530018D2B3 /* AppDelegate.swift in Sources */,
				58E0B45825A31A530018D2B3 /* SceneDelegate.swift in Sources */,
			);
			runOnlyForDeploymentPostprocessing = 0;
		};
/* End PBXSourcesBuildPhase section */

/* Begin PBXVariantGroup section */
		58E0B45B25A31A530018D2B3 /* Main.storyboard */ = {
			isa = PBXVariantGroup;
			children = (
				58E0B45C25A31A530018D2B3 /* Base */,
			);
			name = Main.storyboard;
			sourceTree = "<group>";
		};
		58E0B46025A31A530018D2B3 /* LaunchScreen.storyboard */ = {
			isa = PBXVariantGroup;
			children = (
				58E0B46125A31A530018D2B3 /* Base */,
			);
			name = LaunchScreen.storyboard;
			sourceTree = "<group>";
		};
/* End PBXVariantGroup section */

/* Begin XCBuildConfiguration section */
		58E0B46425A31A530018D2B3 /* Debug */ = {
			isa = XCBuildConfiguration;
			buildSettings = {
				ALWAYS_SEARCH_USER_PATHS = NO;
				CLANG_ANALYZER_NONNULL = YES;
				CLANG_ANALYZER_NUMBER_OBJECT_CONVERSION = YES_AGGRESSIVE;
				CLANG_CXX_LANGUAGE_STANDARD = "gnu++14";
				CLANG_CXX_LIBRARY = "libc++";
				CLANG_ENABLE_MODULES = YES;
				CLANG_ENABLE_OBJC_ARC = YES;
				CLANG_ENABLE_OBJC_WEAK = YES;
				CLANG_WARN_BLOCK_CAPTURE_AUTORELEASING = YES;
				CLANG_WARN_BOOL_CONVERSION = YES;
				CLANG_WARN_COMMA = YES;
				CLANG_WARN_CONSTANT_CONVERSION = YES;
				CLANG_WARN_DEPRECATED_OBJC_IMPLEMENTATIONS = YES;
				CLANG_WARN_DIRECT_OBJC_ISA_USAGE = YES_ERROR;
				CLANG_WARN_DOCUMENTATION_COMMENTS = YES;
				CLANG_WARN_EMPTY_BODY = YES;
				CLANG_WARN_ENUM_CONVERSION = YES;
				CLANG_WARN_INFINITE_RECURSION = YES;
				CLANG_WARN_INT_CONVERSION = YES;
				CLANG_WARN_NON_LITERAL_NULL_CONVERSION = YES;
				CLANG_WARN_OBJC_IMPLICIT_RETAIN_SELF = YES;
				CLANG_WARN_OBJC_LITERAL_CONVERSION = YES;
				CLANG_WARN_OBJC_ROOT_CLASS = YES_ERROR;
				CLANG_WARN_QUOTED_INCLUDE_IN_FRAMEWORK_HEADER = YES;
				CLANG_WARN_RANGE_LOOP_ANALYSIS = YES;
				CLANG_WARN_STRICT_PROTOTYPES = YES;
				CLANG_WARN_SUSPICIOUS_MOVE = YES;
				CLANG_WARN_UNGUARDED_AVAILABILITY = YES_AGGRESSIVE;
				CLANG_WARN_UNREACHABLE_CODE = YES;
				CLANG_WARN__DUPLICATE_METHOD_MATCH = YES;
				COPY_PHASE_STRIP = NO;
				DEBUG_INFORMATION_FORMAT = dwarf;
				ENABLE_STRICT_OBJC_MSGSEND = YES;
				ENABLE_TESTABILITY = YES;
				GCC_C_LANGUAGE_STANDARD = gnu11;
				GCC_DYNAMIC_NO_PIC = NO;
				GCC_NO_COMMON_BLOCKS = YES;
				GCC_OPTIMIZATION_LEVEL = 0;
				GCC_PREPROCESSOR_DEFINITIONS = (
					"DEBUG=1",
					"$(inherited)",
				);
				GCC_WARN_64_TO_32_BIT_CONVERSION = YES;
				GCC_WARN_ABOUT_RETURN_TYPE = YES_ERROR;
				GCC_WARN_UNDECLARED_SELECTOR = YES;
				GCC_WARN_UNINITIALIZED_AUTOS = YES_AGGRESSIVE;
				GCC_WARN_UNUSED_FUNCTION = YES;
				GCC_WARN_UNUSED_VARIABLE = YES;
				IPHONEOS_DEPLOYMENT_TARGET = 14.3;
				MTL_ENABLE_DEBUG_INFO = INCLUDE_SOURCE;
				MTL_FAST_MATH = YES;
				ONLY_ACTIVE_ARCH = YES;
				SDKROOT = iphoneos;
				SWIFT_ACTIVE_COMPILATION_CONDITIONS = DEBUG;
				SWIFT_OPTIMIZATION_LEVEL = "-Onone";
			};
			name = Debug;
		};
		58E0B46525A31A530018D2B3 /* Release */ = {
			isa = XCBuildConfiguration;
			buildSettings = {
				ALWAYS_SEARCH_USER_PATHS = NO;
				CLANG_ANALYZER_NONNULL = YES;
				CLANG_ANALYZER_NUMBER_OBJECT_CONVERSION = YES_AGGRESSIVE;
				CLANG_CXX_LANGUAGE_STANDARD = "gnu++14";
				CLANG_CXX_LIBRARY = "libc++";
				CLANG_ENABLE_MODULES = YES;
				CLANG_ENABLE_OBJC_ARC = YES;
				CLANG_ENABLE_OBJC_WEAK = YES;
				CLANG_WARN_BLOCK_CAPTURE_AUTORELEASING = YES;
				CLANG_WARN_BOOL_CONVERSION = YES;
				CLANG_WARN_COMMA = YES;
				CLANG_WARN_CONSTANT_CONVERSION = YES;
				CLANG_WARN_DEPRECATED_OBJC_IMPLEMENTATIONS = YES;
				CLANG_WARN_DIRECT_OBJC_ISA_USAGE = YES_ERROR;
				CLANG_WARN_DOCUMENTATION_COMMENTS = YES;
				CLANG_WARN_EMPTY_BODY = YES;
				CLANG_WARN_ENUM_CONVERSION = YES;
				CLANG_WARN_INFINITE_RECURSION = YES;
				CLANG_WARN_INT_CONVERSION = YES;
				CLANG_WARN_NON_LITERAL_NULL_CONVERSION = YES;
				CLANG_WARN_OBJC_IMPLICIT_RETAIN_SELF = YES;
				CLANG_WARN_OBJC_LITERAL_CONVERSION = YES;
				CLANG_WARN_OBJC_ROOT_CLASS = YES_ERROR;
				CLANG_WARN_QUOTED_INCLUDE_IN_FRAMEWORK_HEADER = YES;
				CLANG_WARN_RANGE_LOOP_ANALYSIS = YES;
				CLANG_WARN_STRICT_PROTOTYPES = YES;
				CLANG_WARN_SUSPICIOUS_MOVE = YES;
				CLANG_WARN_UNGUARDED_AVAILABILITY = YES_AGGRESSIVE;
				CLANG_WARN_UNREACHABLE_CODE = YES;
				CLANG_WARN__DUPLICATE_METHOD_MATCH = YES;
				COPY_PHASE_STRIP = NO;
				DEBUG_INFORMATION_FORMAT = "dwarf-with-dsym";
				ENABLE_NS_ASSERTIONS = NO;
				ENABLE_STRICT_OBJC_MSGSEND = YES;
				GCC_C_LANGUAGE_STANDARD = gnu11;
				GCC_NO_COMMON_BLOCKS = YES;
				GCC_WARN_64_TO_32_BIT_CONVERSION = YES;
				GCC_WARN_ABOUT_RETURN_TYPE = YES_ERROR;
				GCC_WARN_UNDECLARED_SELECTOR = YES;
				GCC_WARN_UNINITIALIZED_AUTOS = YES_AGGRESSIVE;
				GCC_WARN_UNUSED_FUNCTION = YES;
				GCC_WARN_UNUSED_VARIABLE = YES;
				IPHONEOS_DEPLOYMENT_TARGET = 14.3;
				MTL_ENABLE_DEBUG_INFO = NO;
				MTL_FAST_MATH = YES;
				SDKROOT = iphoneos;
				SWIFT_COMPILATION_MODE = wholemodule;
				SWIFT_OPTIMIZATION_LEVEL = "-O";
				VALIDATE_PRODUCT = YES;
			};
			name = Release;
		};
		58E0B46725A31A530018D2B3 /* Debug */ = {
			isa = XCBuildConfiguration;
			baseConfigurationReference = FCC65AC79082C4FA89E633BA /* Pods-Mr.MinJeaClass.debug.xcconfig */;
			buildSettings = {
				ASSETCATALOG_COMPILER_APPICON_NAME = AppIcon;
				ASSETCATALOG_COMPILER_GLOBAL_ACCENT_COLOR_NAME = AccentColor;
				CODE_SIGN_STYLE = Automatic;
				DEVELOPMENT_TEAM = KXKQCH6X89;
				INFOPLIST_FILE = Mr.MinJeaClass/SupportingFiles/Info.plist;
				LD_RUNPATH_SEARCH_PATHS = (
					"$(inherited)",
					"@executable_path/Frameworks",
				);
				PRODUCT_BUNDLE_IDENTIFIER = "com.Mr.MinJeaClass.ParkYoungHo.Mr-MinJeaClass";
				PRODUCT_NAME = "$(TARGET_NAME)";
				SWIFT_VERSION = 5.0;
				TARGETED_DEVICE_FAMILY = "1,2";
			};
			name = Debug;
		};
		58E0B46825A31A530018D2B3 /* Release */ = {
			isa = XCBuildConfiguration;
			baseConfigurationReference = D29B6A1499C1DB413901FE73 /* Pods-Mr.MinJeaClass.release.xcconfig */;
			buildSettings = {
				ASSETCATALOG_COMPILER_APPICON_NAME = AppIcon;
				ASSETCATALOG_COMPILER_GLOBAL_ACCENT_COLOR_NAME = AccentColor;
				CODE_SIGN_STYLE = Automatic;
				DEVELOPMENT_TEAM = KXKQCH6X89;
				INFOPLIST_FILE = Mr.MinJeaClass/SupportingFiles/Info.plist;
				LD_RUNPATH_SEARCH_PATHS = (
					"$(inherited)",
					"@executable_path/Frameworks",
				);
				PRODUCT_BUNDLE_IDENTIFIER = "com.Mr.MinJeaClass.ParkYoungHo.Mr-MinJeaClass";
				PRODUCT_NAME = "$(TARGET_NAME)";
				SWIFT_VERSION = 5.0;
				TARGETED_DEVICE_FAMILY = "1,2";
			};
			name = Release;
		};
/* End XCBuildConfiguration section */

/* Begin XCConfigurationList section */
		58E0B44D25A31A530018D2B3 /* Build configuration list for PBXProject "Mr.MinJeaClass" */ = {
			isa = XCConfigurationList;
			buildConfigurations = (
				58E0B46425A31A530018D2B3 /* Debug */,
				58E0B46525A31A530018D2B3 /* Release */,
			);
			defaultConfigurationIsVisible = 0;
			defaultConfigurationName = Release;
		};
		58E0B46625A31A530018D2B3 /* Build configuration list for PBXNativeTarget "Mr.MinJeaClass" */ = {
			isa = XCConfigurationList;
			buildConfigurations = (
				58E0B46725A31A530018D2B3 /* Debug */,
				58E0B46825A31A530018D2B3 /* Release */,
			);
			defaultConfigurationIsVisible = 0;
			defaultConfigurationName = Release;
		};
/* End XCConfigurationList section */
	};
	rootObject = 58E0B44A25A31A530018D2B3 /* Project object */;
}
